
Microsoft Visual Studio Solution File, Format Version 12.00
# Visual Studio Version 17
VisualStudioVersion = 17.10.35122.118
MinimumVisualStudioVersion = 10.0.40219.1
Project("{FAE04EC0-301F-11D3-BF4B-00C04F79EFBC}") = "wpfTICTAC", "wpfTICTAC\wpfTICTAC.csproj", "{ED6AF65B-4AA1-4DA3-9695-B956A11107A5}"
EndProject
Global
	GlobalSection(SolutionConfigurationPlatforms) = preSolution
		Debug|Any CPU = Debug|Any CPU
		Release|Any CPU = Release|Any CPU
	EndGlobalSection
	GlobalSection(ProjectConfigurationPlatforms) = postSolution
		{ED6AF65B-4AA1-4DA3-9695-B956A11107A5}.Debug|Any CPU.ActiveCfg = Debug|Any CPU
		{ED6AF65B-4AA1-4DA3-9695-B956A11107A5}.Debug|Any CPU.Build.0 = Debug|Any CPU
		{ED6AF65B-4AA1-4DA3-9695-B956A11107A5}.Release|Any CPU.ActiveCfg = Release|Any CPU
		{ED6AF65B-4AA1-4DA3-9695-B956A11107A5}.Release|Any CPU.Build.0 = Release|Any CPU
	EndGlobalSection
	GlobalSection(SolutionProperties) = preSolution
		HideSolutionNode = FALSE
	EndGlobalSection
	GlobalSection(ExtensibilityGlobals) = postSolution
		SolutionGuid = {052302F7-23B8-4C77-A1DD-99632B9BB0B6}
	EndGlobalSection
EndGlobal
