
Microsoft Visual Studio Solution File, Format Version 12.00
# Visual Studio Version 17
VisualStudioVersion = 17.10.35122.118
MinimumVisualStudioVersion = 10.0.40219.1
Project("{FAE04EC0-301F-11D3-BF4B-00C04F79EFBC}") = "gyak1", "gyak1\gyak1.csproj", "{2E49B7D0-0AFA-4ACD-88BA-3AE824599438}"
EndProject
Global
	GlobalSection(SolutionConfigurationPlatforms) = preSolution
		Debug|Any CPU = Debug|Any CPU
		Release|Any CPU = Release|Any CPU
	EndGlobalSection
	GlobalSection(ProjectConfigurationPlatforms) = postSolution
		{2E49B7D0-0AFA-4ACD-88BA-3AE824599438}.Debug|Any CPU.ActiveCfg = Debug|Any CPU
		{2E49B7D0-0AFA-4ACD-88BA-3AE824599438}.Debug|Any CPU.Build.0 = Debug|Any CPU
		{2E49B7D0-0AFA-4ACD-88BA-3AE824599438}.Release|Any CPU.ActiveCfg = Release|Any CPU
		{2E49B7D0-0AFA-4ACD-88BA-3AE824599438}.Release|Any CPU.Build.0 = Release|Any CPU
	EndGlobalSection
	GlobalSection(SolutionProperties) = preSolution
		HideSolutionNode = FALSE
	EndGlobalSection
	GlobalSection(ExtensibilityGlobals) = postSolution
		SolutionGuid = {33A00676-A552-48D1-B484-A50E793B88C9}
	EndGlobalSection
EndGlobal
