
Microsoft Visual Studio Solution File, Format Version 12.00
# Visual Studio Version 17
VisualStudioVersion = 17.10.35122.118
MinimumVisualStudioVersion = 10.0.40219.1
Project("{FAE04EC0-301F-11D3-BF4B-00C04F79EFBC}") = "gyak3", "gyak3\gyak3.csproj", "{7CF2CDBA-D01D-4D1D-89B5-357726D981AA}"
EndProject
Global
	GlobalSection(SolutionConfigurationPlatforms) = preSolution
		Debug|Any CPU = Debug|Any CPU
		Release|Any CPU = Release|Any CPU
	EndGlobalSection
	GlobalSection(ProjectConfigurationPlatforms) = postSolution
		{7CF2CDBA-D01D-4D1D-89B5-357726D981AA}.Debug|Any CPU.ActiveCfg = Debug|Any CPU
		{7CF2CDBA-D01D-4D1D-89B5-357726D981AA}.Debug|Any CPU.Build.0 = Debug|Any CPU
		{7CF2CDBA-D01D-4D1D-89B5-357726D981AA}.Release|Any CPU.ActiveCfg = Release|Any CPU
		{7CF2CDBA-D01D-4D1D-89B5-357726D981AA}.Release|Any CPU.Build.0 = Release|Any CPU
	EndGlobalSection
	GlobalSection(SolutionProperties) = preSolution
		HideSolutionNode = FALSE
	EndGlobalSection
	GlobalSection(ExtensibilityGlobals) = postSolution
		SolutionGuid = {F62EFD39-1190-4646-93A4-1C0A2277F4A8}
	EndGlobalSection
EndGlobal
