
Microsoft Visual Studio Solution File, Format Version 12.00
# Visual Studio Version 17
VisualStudioVersion = 17.11.35222.181
MinimumVisualStudioVersion = 10.0.40219.1
Project("{FAE04EC0-301F-11D3-BF4B-00C04F79EFBC}") = "gyak4", "gyak4\gyak4.csproj", "{01BD4B06-45C7-4C8D-9FF7-C4A659494BB2}"
EndProject
Global
	GlobalSection(SolutionConfigurationPlatforms) = preSolution
		Debug|Any CPU = Debug|Any CPU
		Release|Any CPU = Release|Any CPU
	EndGlobalSection
	GlobalSection(ProjectConfigurationPlatforms) = postSolution
		{01BD4B06-45C7-4C8D-9FF7-C4A659494BB2}.Debug|Any CPU.ActiveCfg = Debug|Any CPU
		{01BD4B06-45C7-4C8D-9FF7-C4A659494BB2}.Debug|Any CPU.Build.0 = Debug|Any CPU
		{01BD4B06-45C7-4C8D-9FF7-C4A659494BB2}.Release|Any CPU.ActiveCfg = Release|Any CPU
		{01BD4B06-45C7-4C8D-9FF7-C4A659494BB2}.Release|Any CPU.Build.0 = Release|Any CPU
	EndGlobalSection
	GlobalSection(SolutionProperties) = preSolution
		HideSolutionNode = FALSE
	EndGlobalSection
	GlobalSection(ExtensibilityGlobals) = postSolution
		SolutionGuid = {E00D2A21-D51C-4122-80F4-8815F79BBFBB}
	EndGlobalSection
EndGlobal
