
Microsoft Visual Studio Solution File, Format Version 12.00
# Visual Studio Version 17
VisualStudioVersion = 17.10.35122.118
MinimumVisualStudioVersion = 10.0.40219.1
Project("{FAE04EC0-301F-11D3-BF4B-00C04F79EFBC}") = "gyak4.2", "gyak4.2\gyak4.2.csproj", "{353B0DC4-40A9-484E-A060-AAC574401751}"
EndProject
Global
	GlobalSection(SolutionConfigurationPlatforms) = preSolution
		Debug|Any CPU = Debug|Any CPU
		Release|Any CPU = Release|Any CPU
	EndGlobalSection
	GlobalSection(ProjectConfigurationPlatforms) = postSolution
		{353B0DC4-40A9-484E-A060-AAC574401751}.Debug|Any CPU.ActiveCfg = Debug|Any CPU
		{353B0DC4-40A9-484E-A060-AAC574401751}.Debug|Any CPU.Build.0 = Debug|Any CPU
		{353B0DC4-40A9-484E-A060-AAC574401751}.Release|Any CPU.ActiveCfg = Release|Any CPU
		{353B0DC4-40A9-484E-A060-AAC574401751}.Release|Any CPU.Build.0 = Release|Any CPU
	EndGlobalSection
	GlobalSection(SolutionProperties) = preSolution
		HideSolutionNode = FALSE
	EndGlobalSection
	GlobalSection(ExtensibilityGlobals) = postSolution
		SolutionGuid = {01D8E7E3-ECC1-4625-87B1-C3F282DE858E}
	EndGlobalSection
EndGlobal
