
Microsoft Visual Studio Solution File, Format Version 12.00
# Visual Studio Version 17
VisualStudioVersion = 17.10.35122.118
MinimumVisualStudioVersion = 10.0.40219.1
Project("{FAE04EC0-301F-11D3-BF4B-00C04F79EFBC}") = "gyak6", "gyak6\gyak6.csproj", "{3A02067B-03C9-4B46-8CA6-DA287F65301A}"
EndProject
Global
	GlobalSection(SolutionConfigurationPlatforms) = preSolution
		Debug|Any CPU = Debug|Any CPU
		Release|Any CPU = Release|Any CPU
	EndGlobalSection
	GlobalSection(ProjectConfigurationPlatforms) = postSolution
		{3A02067B-03C9-4B46-8CA6-DA287F65301A}.Debug|Any CPU.ActiveCfg = Debug|Any CPU
		{3A02067B-03C9-4B46-8CA6-DA287F65301A}.Debug|Any CPU.Build.0 = Debug|Any CPU
		{3A02067B-03C9-4B46-8CA6-DA287F65301A}.Release|Any CPU.ActiveCfg = Release|Any CPU
		{3A02067B-03C9-4B46-8CA6-DA287F65301A}.Release|Any CPU.Build.0 = Release|Any CPU
	EndGlobalSection
	GlobalSection(SolutionProperties) = preSolution
		HideSolutionNode = FALSE
	EndGlobalSection
	GlobalSection(ExtensibilityGlobals) = postSolution
		SolutionGuid = {7D08E783-9C1D-4FA3-85FF-18A1937797F8}
	EndGlobalSection
EndGlobal
