
Microsoft Visual Studio Solution File, Format Version 12.00
# Visual Studio Version 17
VisualStudioVersion = 17.10.35122.118
MinimumVisualStudioVersion = 10.0.40219.1
Project("{FAE04EC0-301F-11D3-BF4B-00C04F79EFBC}") = "gyak", "gyak\gyak.csproj", "{B0C6E6FD-2AD1-4FEE-A8D9-3E7800DB2FCA}"
EndProject
Global
	GlobalSection(SolutionConfigurationPlatforms) = preSolution
		Debug|Any CPU = Debug|Any CPU
		Release|Any CPU = Release|Any CPU
	EndGlobalSection
	GlobalSection(ProjectConfigurationPlatforms) = postSolution
		{B0C6E6FD-2AD1-4FEE-A8D9-3E7800DB2FCA}.Debug|Any CPU.ActiveCfg = Debug|Any CPU
		{B0C6E6FD-2AD1-4FEE-A8D9-3E7800DB2FCA}.Debug|Any CPU.Build.0 = Debug|Any CPU
		{B0C6E6FD-2AD1-4FEE-A8D9-3E7800DB2FCA}.Release|Any CPU.ActiveCfg = Release|Any CPU
		{B0C6E6FD-2AD1-4FEE-A8D9-3E7800DB2FCA}.Release|Any CPU.Build.0 = Release|Any CPU
	EndGlobalSection
	GlobalSection(SolutionProperties) = preSolution
		HideSolutionNode = FALSE
	EndGlobalSection
	GlobalSection(ExtensibilityGlobals) = postSolution
		SolutionGuid = {6560E070-6924-49BC-A883-195D4C9DF153}
	EndGlobalSection
EndGlobal
