
Microsoft Visual Studio Solution File, Format Version 12.00
# Visual Studio Version 17
VisualStudioVersion = 17.10.35122.118
MinimumVisualStudioVersion = 10.0.40219.1
Project("{FAE04EC0-301F-11D3-BF4B-00C04F79EFBC}") = "objektum", "objektum\objektum.csproj", "{069FF471-99A8-4B4B-9F96-144AAE027A06}"
EndProject
Global
	GlobalSection(SolutionConfigurationPlatforms) = preSolution
		Debug|Any CPU = Debug|Any CPU
		Release|Any CPU = Release|Any CPU
	EndGlobalSection
	GlobalSection(ProjectConfigurationPlatforms) = postSolution
		{069FF471-99A8-4B4B-9F96-144AAE027A06}.Debug|Any CPU.ActiveCfg = Debug|Any CPU
		{069FF471-99A8-4B4B-9F96-144AAE027A06}.Debug|Any CPU.Build.0 = Debug|Any CPU
		{069FF471-99A8-4B4B-9F96-144AAE027A06}.Release|Any CPU.ActiveCfg = Release|Any CPU
		{069FF471-99A8-4B4B-9F96-144AAE027A06}.Release|Any CPU.Build.0 = Release|Any CPU
	EndGlobalSection
	GlobalSection(SolutionProperties) = preSolution
		HideSolutionNode = FALSE
	EndGlobalSection
	GlobalSection(ExtensibilityGlobals) = postSolution
		SolutionGuid = {76752EAD-66F0-4899-8D88-6C997274D1FB}
	EndGlobalSection
EndGlobal
